
Microsoft Visual Studio Solution File, Format Version 12.00
# Visual Studio Version 16
VisualStudioVersion = 16.0.30804.86
MinimumVisualStudioVersion = 10.0.40219.1
Project("{FAE04EC0-301F-11D3-BF4B-00C04F79EFBC}") = "sest!", "sest!\sest!.csproj", "{F214FBFF-7F1D-4D1F-BA65-622303BF3B6F}"
EndProject
Global
	GlobalSection(SolutionConfigurationPlatforms) = preSolution
		Debug|Any CPU = Debug|Any CPU
		Release|Any CPU = Release|Any CPU
	EndGlobalSection
	GlobalSection(ProjectConfigurationPlatforms) = postSolution
		{F214FBFF-7F1D-4D1F-BA65-622303BF3B6F}.Debug|Any CPU.ActiveCfg = Debug|Any CPU
		{F214FBFF-7F1D-4D1F-BA65-622303BF3B6F}.Debug|Any CPU.Build.0 = Debug|Any CPU
		{F214FBFF-7F1D-4D1F-BA65-622303BF3B6F}.Release|Any CPU.ActiveCfg = Release|Any CPU
		{F214FBFF-7F1D-4D1F-BA65-622303BF3B6F}.Release|Any CPU.Build.0 = Release|Any CPU
	EndGlobalSection
	GlobalSection(SolutionProperties) = preSolution
		HideSolutionNode = FALSE
	EndGlobalSection
	GlobalSection(ExtensibilityGlobals) = postSolution
		SolutionGuid = {400DC99F-4852-4312-94BA-811EA4538C4E}
	EndGlobalSection
EndGlobal
